
Microsoft Visual Studio Solution File, Format Version 12.00
# Visual Studio 15
VisualStudioVersion = 15.0.28010.2041
MinimumVisualStudioVersion = 10.0.40219.1
Project("{9A19103F-16F7-4668-BE54-9A1E7A4F7556}") = "InceptionSample", "InceptionSample\InceptionSample.csproj", "{AA9A143D-296C-4733-9BC7-8E85D248B6C2}"
EndProject
Project("{9A19103F-16F7-4668-BE54-9A1E7A4F7556}") = "TFSharpSamples.Common", "TFSharpSamples.Common\TFSharpSamples.Common.csproj", "{61FB69D5-B8AB-47C6-B904-17DFD3122D94}"
EndProject
Project("{FAE04EC0-301F-11D3-BF4B-00C04F79EFBC}") = "ObjectDetectionSample", "ObjectDetectionSample\ObjectDetectionSample.csproj", "{41E6B4E4-5141-4D90-B058-809C9E1A5D73}"
EndProject
Global
	GlobalSection(SolutionConfigurationPlatforms) = preSolution
		Debug|Any CPU = Debug|Any CPU
		Release|Any CPU = Release|Any CPU
	EndGlobalSection
	GlobalSection(ProjectConfigurationPlatforms) = postSolution
		{AA9A143D-296C-4733-9BC7-8E85D248B6C2}.Debug|Any CPU.ActiveCfg = Debug|Any CPU
		{AA9A143D-296C-4733-9BC7-8E85D248B6C2}.Debug|Any CPU.Build.0 = Debug|Any CPU
		{AA9A143D-296C-4733-9BC7-8E85D248B6C2}.Release|Any CPU.ActiveCfg = Release|Any CPU
		{AA9A143D-296C-4733-9BC7-8E85D248B6C2}.Release|Any CPU.Build.0 = Release|Any CPU
		{61FB69D5-B8AB-47C6-B904-17DFD3122D94}.Debug|Any CPU.ActiveCfg = Debug|Any CPU
		{61FB69D5-B8AB-47C6-B904-17DFD3122D94}.Debug|Any CPU.Build.0 = Debug|Any CPU
		{61FB69D5-B8AB-47C6-B904-17DFD3122D94}.Release|Any CPU.ActiveCfg = Release|Any CPU
		{61FB69D5-B8AB-47C6-B904-17DFD3122D94}.Release|Any CPU.Build.0 = Release|Any CPU
		{41E6B4E4-5141-4D90-B058-809C9E1A5D73}.Debug|Any CPU.ActiveCfg = Debug|Any CPU
		{41E6B4E4-5141-4D90-B058-809C9E1A5D73}.Debug|Any CPU.Build.0 = Debug|Any CPU
		{41E6B4E4-5141-4D90-B058-809C9E1A5D73}.Release|Any CPU.ActiveCfg = Release|Any CPU
		{41E6B4E4-5141-4D90-B058-809C9E1A5D73}.Release|Any CPU.Build.0 = Release|Any CPU
	EndGlobalSection
	GlobalSection(SolutionProperties) = preSolution
		HideSolutionNode = FALSE
	EndGlobalSection
	GlobalSection(ExtensibilityGlobals) = postSolution
		SolutionGuid = {43DC7C67-A81C-4A06-BF3F-B1860E339E82}
	EndGlobalSection
EndGlobal
